// !$*UTF8*$!
{
	archiveVersion = 1;
	classes = {
	};
	objectVersion = 56;
	objects = {

/* Begin PBXBuildFile section */
		36725AFB2C00DC4400806D71 /* AppDelegate.swift in Sources */ = {isa = PBXBuildFile; fileRef = 36725AFA2C00DC4400806D71 /* AppDelegate.swift */; };
		36725AFD2C00DC4400806D71 /* SceneDelegate.swift in Sources */ = {isa = PBXBuildFile; fileRef = 36725AFC2C00DC4400806D71 /* SceneDelegate.swift */; };
		36725AFF2C00DC4400806D71 /* ViewController.swift in Sources */ = {isa = PBXBuildFile; fileRef = 36725AFE2C00DC4400806D71 /* ViewController.swift */; };
		36725B022C00DC4400806D71 /* Main.storyboard in Resources */ = {isa = PBXBuildFile; fileRef = 36725B002C00DC4400806D71 /* Main.storyboard */; };
		36725B042C00DC4600806D71 /* Assets.xcassets in Resources */ = {isa = PBXBuildFile; fileRef = 36725B032C00DC4600806D71 /* Assets.xcassets */; };
		36725B072C00DC4600806D71 /* LaunchScreen.storyboard in Resources */ = {isa = PBXBuildFile; fileRef = 36725B052C00DC4600806D71 /* LaunchScreen.storyboard */; };
		36725B122C00DC4600806D71 /* ContactsTests.swift in Sources */ = {isa = PBXBuildFile; fileRef = 36725B112C00DC4600806D71 /* ContactsTests.swift */; };
		36725B1C2C00DC4600806D71 /* ContactsUITests.swift in Sources */ = {isa = PBXBuildFile; fileRef = 36725B1B2C00DC4600806D71 /* ContactsUITests.swift */; };
		36725B1E2C00DC4600806D71 /* ContactsUITestsLaunchTests.swift in Sources */ = {isa = PBXBuildFile; fileRef = 36725B1D2C00DC4600806D71 /* ContactsUITestsLaunchTests.swift */; };
		36725B2B2C00DDA400806D71 /* ContactsCollectionViewCell.swift in Sources */ = {isa = PBXBuildFile; fileRef = 36725B2A2C00DDA400806D71 /* ContactsCollectionViewCell.swift */; };
/* End PBXBuildFile section */

/* Begin PBXContainerItemProxy section */
		36725B0E2C00DC4600806D71 /* PBXContainerItemProxy */ = {
			isa = PBXContainerItemProxy;
			containerPortal = 36725AEF2C00DC4400806D71 /* Project object */;
			proxyType = 1;
			remoteGlobalIDString = 36725AF62C00DC4400806D71;
			remoteInfo = Contacts;
		};
		36725B182C00DC4600806D71 /* PBXContainerItemProxy */ = {
			isa = PBXContainerItemProxy;
			containerPortal = 36725AEF2C00DC4400806D71 /* Project object */;
			proxyType = 1;
			remoteGlobalIDString = 36725AF62C00DC4400806D71;
			remoteInfo = Contacts;
		};
/* End PBXContainerItemProxy section */

/* Begin PBXFileReference section */
		36725AF72C00DC4400806D71 /* Contacts.app */ = {isa = PBXFileReference; explicitFileType = wrapper.application; includeInIndex = 0; path = Contacts.app; sourceTree = BUILT_PRODUCTS_DIR; };
		36725AFA2C00DC4400806D71 /* AppDelegate.swift */ = {isa = PBXFileReference; lastKnownFileType = sourcecode.swift; path = AppDelegate.swift; sourceTree = "<group>"; };
		36725AFC2C00DC4400806D71 /* SceneDelegate.swift */ = {isa = PBXFileReference; lastKnownFileType = sourcecode.swift; path = SceneDelegate.swift; sourceTree = "<group>"; };
		36725AFE2C00DC4400806D71 /* ViewController.swift */ = {isa = PBXFileReference; lastKnownFileType = sourcecode.swift; path = ViewController.swift; sourceTree = "<group>"; };
		36725B012C00DC4400806D71 /* Base */ = {isa = PBXFileReference; lastKnownFileType = file.storyboard; name = Base; path = Base.lproj/Main.storyboard; sourceTree = "<group>"; };
		36725B032C00DC4600806D71 /* Assets.xcassets */ = {isa = PBXFileReference; lastKnownFileType = folder.assetcatalog; path = Assets.xcassets; sourceTree = "<group>"; };
		36725B062C00DC4600806D71 /* Base */ = {isa = PBXFileReference; lastKnownFileType = file.storyboard; name = Base; path = Base.lproj/LaunchScreen.storyboard; sourceTree = "<group>"; };
		36725B082C00DC4600806D71 /* Info.plist */ = {isa = PBXFileReference; lastKnownFileType = text.plist.xml; path = Info.plist; sourceTree = "<group>"; };
		36725B0D2C00DC4600806D71 /* ContactsTests.xctest */ = {isa = PBXFileReference; explicitFileType = wrapper.cfbundle; includeInIndex = 0; path = ContactsTests.xctest; sourceTree = BUILT_PRODUCTS_DIR; };
		36725B112C00DC4600806D71 /* ContactsTests.swift */ = {isa = PBXFileReference; lastKnownFileType = sourcecode.swift; path = ContactsTests.swift; sourceTree = "<group>"; };
		36725B172C00DC4600806D71 /* ContactsUITests.xctest */ = {isa = PBXFileReference; explicitFileType = wrapper.cfbundle; includeInIndex = 0; path = ContactsUITests.xctest; sourceTree = BUILT_PRODUCTS_DIR; };
		36725B1B2C00DC4600806D71 /* ContactsUITests.swift */ = {isa = PBXFileReference; lastKnownFileType = sourcecode.swift; path = ContactsUITests.swift; sourceTree = "<group>"; };
		36725B1D2C00DC4600806D71 /* ContactsUITestsLaunchTests.swift */ = {isa = PBXFileReference; lastKnownFileType = sourcecode.swift; path = ContactsUITestsLaunchTests.swift; sourceTree = "<group>"; };
		36725B2A2C00DDA400806D71 /* ContactsCollectionViewCell.swift */ = {isa = PBXFileReference; lastKnownFileType = sourcecode.swift; path = ContactsCollectionViewCell.swift; sourceTree = "<group>"; };
/* End PBXFileReference section */

/* Begin PBXFrameworksBuildPhase section */
		36725AF42C00DC4400806D71 /* Frameworks */ = {
			isa = PBXFrameworksBuildPhase;
			buildActionMask = 2147483647;
			files = (
			);
			runOnlyForDeploymentPostprocessing = 0;
		};
		36725B0A2C00DC4600806D71 /* Frameworks */ = {
			isa = PBXFrameworksBuildPhase;
			buildActionMask = 2147483647;
			files = (
			);
			runOnlyForDeploymentPostprocessing = 0;
		};
		36725B142C00DC4600806D71 /* Frameworks */ = {
			isa = PBXFrameworksBuildPhase;
			buildActionMask = 2147483647;
			files = (
			);
			runOnlyForDeploymentPostprocessing = 0;
		};
/* End PBXFrameworksBuildPhase section */

/* Begin PBXGroup section */
		36725AEE2C00DC4400806D71 = {
			isa = PBXGroup;
			children = (
				36725AF92C00DC4400806D71 /* Contacts */,
				36725B102C00DC4600806D71 /* ContactsTests */,
				36725B1A2C00DC4600806D71 /* ContactsUITests */,
				36725AF82C00DC4400806D71 /* Products */,
			);
			sourceTree = "<group>";
		};
		36725AF82C00DC4400806D71 /* Products */ = {
			isa = PBXGroup;
			children = (
				36725AF72C00DC4400806D71 /* Contacts.app */,
				36725B0D2C00DC4600806D71 /* ContactsTests.xctest */,
				36725B172C00DC4600806D71 /* ContactsUITests.xctest */,
			);
			name = Products;
			sourceTree = "<group>";
		};
		36725AF92C00DC4400806D71 /* Contacts */ = {
			isa = PBXGroup;
			children = (
				36725AFA2C00DC4400806D71 /* AppDelegate.swift */,
				36725AFC2C00DC4400806D71 /* SceneDelegate.swift */,
				36725AFE2C00DC4400806D71 /* ViewController.swift */,
				36725B002C00DC4400806D71 /* Main.storyboard */,
				36725B2A2C00DDA400806D71 /* ContactsCollectionViewCell.swift */,
				36725B032C00DC4600806D71 /* Assets.xcassets */,
				36725B052C00DC4600806D71 /* LaunchScreen.storyboard */,
				36725B082C00DC4600806D71 /* Info.plist */,
			);
			path = Contacts;
			sourceTree = "<group>";
		};
		36725B102C00DC4600806D71 /* ContactsTests */ = {
			isa = PBXGroup;
			children = (
				36725B112C00DC4600806D71 /* ContactsTests.swift */,
			);
			path = ContactsTests;
			sourceTree = "<group>";
		};
		36725B1A2C00DC4600806D71 /* ContactsUITests */ = {
			isa = PBXGroup;
			children = (
				36725B1B2C00DC4600806D71 /* ContactsUITests.swift */,
				36725B1D2C00DC4600806D71 /* ContactsUITestsLaunchTests.swift */,
			);
			path = ContactsUITests;
			sourceTree = "<group>";
		};
/* End PBXGroup section */

/* Begin PBXNativeTarget section */
		36725AF62C00DC4400806D71 /* Contacts */ = {
			isa = PBXNativeTarget;
			buildConfigurationList = 36725B212C00DC4600806D71 /* Build configuration list for PBXNativeTarget "Contacts" */;
			buildPhases = (
				36725AF32C00DC4400806D71 /* Sources */,
				36725AF42C00DC4400806D71 /* Frameworks */,
				36725AF52C00DC4400806D71 /* Resources */,
			);
			buildRules = (
			);
			dependencies = (
			);
			name = Contacts;
			productName = Contacts;
			productReference = 36725AF72C00DC4400806D71 /* Contacts.app */;
			productType = "com.apple.product-type.application";
		};
		36725B0C2C00DC4600806D71 /* ContactsTests */ = {
			isa = PBXNativeTarget;
			buildConfigurationList = 36725B242C00DC4600806D71 /* Build configuration list for PBXNativeTarget "ContactsTests" */;
			buildPhases = (
				36725B092C00DC4600806D71 /* Sources */,
				36725B0A2C00DC4600806D71 /* Frameworks */,
				36725B0B2C00DC4600806D71 /* Resources */,
			);
			buildRules = (
			);
			dependencies = (
				36725B0F2C00DC4600806D71 /* PBXTargetDependency */,
			);
			name = ContactsTests;
			productName = ContactsTests;
			productReference = 36725B0D2C00DC4600806D71 /* ContactsTests.xctest */;
			productType = "com.apple.product-type.bundle.unit-test";
		};
		36725B162C00DC4600806D71 /* ContactsUITests */ = {
			isa = PBXNativeTarget;
			buildConfigurationList = 36725B272C00DC4600806D71 /* Build configuration list for PBXNativeTarget "ContactsUITests" */;
			buildPhases = (
				36725B132C00DC4600806D71 /* Sources */,
				36725B142C00DC4600806D71 /* Frameworks */,
				36725B152C00DC4600806D71 /* Resources */,
			);
			buildRules = (
			);
			dependencies = (
				36725B192C00DC4600806D71 /* PBXTargetDependency */,
			);
			name = ContactsUITests;
			productName = ContactsUITests;
			productReference = 36725B172C00DC4600806D71 /* ContactsUITests.xctest */;
			productType = "com.apple.product-type.bundle.ui-testing";
		};
/* End PBXNativeTarget section */

/* Begin PBXProject section */
		36725AEF2C00DC4400806D71 /* Project object */ = {
			isa = PBXProject;
			attributes = {
				BuildIndependentTargetsInParallel = 1;
				LastSwiftUpdateCheck = 1420;
				LastUpgradeCheck = 1420;
				TargetAttributes = {
					36725AF62C00DC4400806D71 = {
						CreatedOnToolsVersion = 14.2;
					};
					36725B0C2C00DC4600806D71 = {
						CreatedOnToolsVersion = 14.2;
						TestTargetID = 36725AF62C00DC4400806D71;
					};
					36725B162C00DC4600806D71 = {
						CreatedOnToolsVersion = 14.2;
						TestTargetID = 36725AF62C00DC4400806D71;
					};
				};
			};
			buildConfigurationList = 36725AF22C00DC4400806D71 /* Build configuration list for PBXProject "Contacts" */;
			compatibilityVersion = "Xcode 14.0";
			developmentRegion = en;
			hasScannedForEncodings = 0;
			knownRegions = (
				en,
				Base,
			);
			mainGroup = 36725AEE2C00DC4400806D71;
			productRefGroup = 36725AF82C00DC4400806D71 /* Products */;
			projectDirPath = "";
			projectRoot = "";
			targets = (
				36725AF62C00DC4400806D71 /* Contacts */,
				36725B0C2C00DC4600806D71 /* ContactsTests */,
				36725B162C00DC4600806D71 /* ContactsUITests */,
			);
		};
/* End PBXProject section */

/* Begin PBXResourcesBuildPhase section */
		36725AF52C00DC4400806D71 /* Resources */ = {
			isa = PBXResourcesBuildPhase;
			buildActionMask = 2147483647;
			files = (
				36725B072C00DC4600806D71 /* LaunchScreen.storyboard in Resources */,
				36725B042C00DC4600806D71 /* Assets.xcassets in Resources */,
				36725B022C00DC4400806D71 /* Main.storyboard in Resources */,
			);
			runOnlyForDeploymentPostprocessing = 0;
		};
		36725B0B2C00DC4600806D71 /* Resources */ = {
			isa = PBXResourcesBuildPhase;
			buildActionMask = 2147483647;
			files = (
			);
			runOnlyForDeploymentPostprocessing = 0;
		};
		36725B152C00DC4600806D71 /* Resources */ = {
			isa = PBXResourcesBuildPhase;
			buildActionMask = 2147483647;
			files = (
			);
			runOnlyForDeploymentPostprocessing = 0;
		};
/* End PBXResourcesBuildPhase section */

/* Begin PBXSourcesBuildPhase section */
		36725AF32C00DC4400806D71 /* Sources */ = {
			isa = PBXSourcesBuildPhase;
			buildActionMask = 2147483647;
			files = (
				36725AFF2C00DC4400806D71 /* ViewController.swift in Sources */,
				36725AFB2C00DC4400806D71 /* AppDelegate.swift in Sources */,
				36725B2B2C00DDA400806D71 /* ContactsCollectionViewCell.swift in Sources */,
				36725AFD2C00DC4400806D71 /* SceneDelegate.swift in Sources */,
			);
			runOnlyForDeploymentPostprocessing = 0;
		};
		36725B092C00DC4600806D71 /* Sources */ = {
			isa = PBXSourcesBuildPhase;
			buildActionMask = 2147483647;
			files = (
				36725B122C00DC4600806D71 /* ContactsTests.swift in Sources */,
			);
			runOnlyForDeploymentPostprocessing = 0;
		};
		36725B132C00DC4600806D71 /* Sources */ = {
			isa = PBXSourcesBuildPhase;
			buildActionMask = 2147483647;
			files = (
				36725B1E2C00DC4600806D71 /* ContactsUITestsLaunchTests.swift in Sources */,
				36725B1C2C00DC4600806D71 /* ContactsUITests.swift in Sources */,
			);
			runOnlyForDeploymentPostprocessing = 0;
		};
/* End PBXSourcesBuildPhase section */

/* Begin PBXTargetDependency section */
		36725B0F2C00DC4600806D71 /* PBXTargetDependency */ = {
			isa = PBXTargetDependency;
			target = 36725AF62C00DC4400806D71 /* Contacts */;
			targetProxy = 36725B0E2C00DC4600806D71 /* PBXContainerItemProxy */;
		};
		36725B192C00DC4600806D71 /* PBXTargetDependency */ = {
			isa = PBXTargetDependency;
			target = 36725AF62C00DC4400806D71 /* Contacts */;
			targetProxy = 36725B182C00DC4600806D71 /* PBXContainerItemProxy */;
		};
/* End PBXTargetDependency section */

/* Begin PBXVariantGroup section */
		36725B002C00DC4400806D71 /* Main.storyboard */ = {
			isa = PBXVariantGroup;
			children = (
				36725B012C00DC4400806D71 /* Base */,
			);
			name = Main.storyboard;
			sourceTree = "<group>";
		};
		36725B052C00DC4600806D71 /* LaunchScreen.storyboard */ = {
			isa = PBXVariantGroup;
			children = (
				36725B062C00DC4600806D71 /* Base */,
			);
			name = LaunchScreen.storyboard;
			sourceTree = "<group>";
		};
/* End PBXVariantGroup section */

/* Begin XCBuildConfiguration section */
		36725B1F2C00DC4600806D71 /* Debug */ = {
			isa = XCBuildConfiguration;
			buildSettings = {
				ALWAYS_SEARCH_USER_PATHS = NO;
				CLANG_ANALYZER_NONNULL = YES;
				CLANG_ANALYZER_NUMBER_OBJECT_CONVERSION = YES_AGGRESSIVE;
				CLANG_CXX_LANGUAGE_STANDARD = "gnu++20";
				CLANG_ENABLE_MODULES = YES;
				CLANG_ENABLE_OBJC_ARC = YES;
				CLANG_ENABLE_OBJC_WEAK = YES;
				CLANG_WARN_BLOCK_CAPTURE_AUTORELEASING = YES;
				CLANG_WARN_BOOL_CONVERSION = YES;
				CLANG_WARN_COMMA = YES;
				CLANG_WARN_CONSTANT_CONVERSION = YES;
				CLANG_WARN_DEPRECATED_OBJC_IMPLEMENTATIONS = YES;
				CLANG_WARN_DIRECT_OBJC_ISA_USAGE = YES_ERROR;
				CLANG_WARN_DOCUMENTATION_COMMENTS = YES;
				CLANG_WARN_EMPTY_BODY = YES;
				CLANG_WARN_ENUM_CONVERSION = YES;
				CLANG_WARN_INFINITE_RECURSION = YES;
				CLANG_WARN_INT_CONVERSION = YES;
				CLANG_WARN_NON_LITERAL_NULL_CONVERSION = YES;
				CLANG_WARN_OBJC_IMPLICIT_RETAIN_SELF = YES;
				CLANG_WARN_OBJC_LITERAL_CONVERSION = YES;
				CLANG_WARN_OBJC_ROOT_CLASS = YES_ERROR;
				CLANG_WARN_QUOTED_INCLUDE_IN_FRAMEWORK_HEADER = YES;
				CLANG_WARN_RANGE_LOOP_ANALYSIS = YES;
				CLANG_WARN_STRICT_PROTOTYPES = YES;
				CLANG_WARN_SUSPICIOUS_MOVE = YES;
				CLANG_WARN_UNGUARDED_AVAILABILITY = YES_AGGRESSIVE;
				CLANG_WARN_UNREACHABLE_CODE = YES;
				CLANG_WARN__DUPLICATE_METHOD_MATCH = YES;
				COPY_PHASE_STRIP = NO;
				DEBUG_INFORMATION_FORMAT = dwarf;
				ENABLE_STRICT_OBJC_MSGSEND = YES;
				ENABLE_TESTABILITY = YES;
				GCC_C_LANGUAGE_STANDARD = gnu11;
				GCC_DYNAMIC_NO_PIC = NO;
				GCC_NO_COMMON_BLOCKS = YES;
				GCC_OPTIMIZATION_LEVEL = 0;
				GCC_PREPROCESSOR_DEFINITIONS = (
					"DEBUG=1",
					"$(inherited)",
				);
				GCC_WARN_64_TO_32_BIT_CONVERSION = YES;
				GCC_WARN_ABOUT_RETURN_TYPE = YES_ERROR;
				GCC_WARN_UNDECLARED_SELECTOR = YES;
				GCC_WARN_UNINITIALIZED_AUTOS = YES_AGGRESSIVE;
				GCC_WARN_UNUSED_FUNCTION = YES;
				GCC_WARN_UNUSED_VARIABLE = YES;
				IPHONEOS_DEPLOYMENT_TARGET = 16.2;
				MTL_ENABLE_DEBUG_INFO = INCLUDE_SOURCE;
				MTL_FAST_MATH = YES;
				ONLY_ACTIVE_ARCH = YES;
				SDKROOT = iphoneos;
				SWIFT_ACTIVE_COMPILATION_CONDITIONS = DEBUG;
				SWIFT_OPTIMIZATION_LEVEL = "-Onone";
			};
			name = Debug;
		};
		36725B202C00DC4600806D71 /* Release */ = {
			isa = XCBuildConfiguration;
			buildSettings = {
				ALWAYS_SEARCH_USER_PATHS = NO;
				CLANG_ANALYZER_NONNULL = YES;
				CLANG_ANALYZER_NUMBER_OBJECT_CONVERSION = YES_AGGRESSIVE;
				CLANG_CXX_LANGUAGE_STANDARD = "gnu++20";
				CLANG_ENABLE_MODULES = YES;
				CLANG_ENABLE_OBJC_ARC = YES;
				CLANG_ENABLE_OBJC_WEAK = YES;
				CLANG_WARN_BLOCK_CAPTURE_AUTORELEASING = YES;
				CLANG_WARN_BOOL_CONVERSION = YES;
				CLANG_WARN_COMMA = YES;
				CLANG_WARN_CONSTANT_CONVERSION = YES;
				CLANG_WARN_DEPRECATED_OBJC_IMPLEMENTATIONS = YES;
				CLANG_WARN_DIRECT_OBJC_ISA_USAGE = YES_ERROR;
				CLANG_WARN_DOCUMENTATION_COMMENTS = YES;
				CLANG_WARN_EMPTY_BODY = YES;
				CLANG_WARN_ENUM_CONVERSION = YES;
				CLANG_WARN_INFINITE_RECURSION = YES;
				CLANG_WARN_INT_CONVERSION = YES;
				CLANG_WARN_NON_LITERAL_NULL_CONVERSION = YES;
				CLANG_WARN_OBJC_IMPLICIT_RETAIN_SELF = YES;
				CLANG_WARN_OBJC_LITERAL_CONVERSION = YES;
				CLANG_WARN_OBJC_ROOT_CLASS = YES_ERROR;
				CLANG_WARN_QUOTED_INCLUDE_IN_FRAMEWORK_HEADER = YES;
				CLANG_WARN_RANGE_LOOP_ANALYSIS = YES;
				CLANG_WARN_STRICT_PROTOTYPES = YES;
				CLANG_WARN_SUSPICIOUS_MOVE = YES;
				CLANG_WARN_UNGUARDED_AVAILABILITY = YES_AGGRESSIVE;
				CLANG_WARN_UNREACHABLE_CODE = YES;
				CLANG_WARN__DUPLICATE_METHOD_MATCH = YES;
				COPY_PHASE_STRIP = NO;
				DEBUG_INFORMATION_FORMAT = "dwarf-with-dsym";
				ENABLE_NS_ASSERTIONS = NO;
				ENABLE_STRICT_OBJC_MSGSEND = YES;
				GCC_C_LANGUAGE_STANDARD = gnu11;
				GCC_NO_COMMON_BLOCKS = YES;
				GCC_WARN_64_TO_32_BIT_CONVERSION = YES;
				GCC_WARN_ABOUT_RETURN_TYPE = YES_ERROR;
				GCC_WARN_UNDECLARED_SELECTOR = YES;
				GCC_WARN_UNINITIALIZED_AUTOS = YES_AGGRESSIVE;
				GCC_WARN_UNUSED_FUNCTION = YES;
				GCC_WARN_UNUSED_VARIABLE = YES;
				IPHONEOS_DEPLOYMENT_TARGET = 16.2;
				MTL_ENABLE_DEBUG_INFO = NO;
				MTL_FAST_MATH = YES;
				SDKROOT = iphoneos;
				SWIFT_COMPILATION_MODE = wholemodule;
				SWIFT_OPTIMIZATION_LEVEL = "-O";
				VALIDATE_PRODUCT = YES;
			};
			name = Release;
		};
		36725B222C00DC4600806D71 /* Debug */ = {
			isa = XCBuildConfiguration;
			buildSettings = {
				ASSETCATALOG_COMPILER_APPICON_NAME = AppIcon;
				ASSETCATALOG_COMPILER_GLOBAL_ACCENT_COLOR_NAME = AccentColor;
				CODE_SIGN_STYLE = Automatic;
				CURRENT_PROJECT_VERSION = 1;
				DEVELOPMENT_TEAM = LRAYHCZPKF;
				GENERATE_INFOPLIST_FILE = YES;
				INFOPLIST_FILE = Contacts/Info.plist;
				INFOPLIST_KEY_UIApplicationSupportsIndirectInputEvents = YES;
				INFOPLIST_KEY_UILaunchStoryboardName = LaunchScreen;
				INFOPLIST_KEY_UIMainStoryboardFile = Main;
				INFOPLIST_KEY_UISupportedInterfaceOrientations_iPad = "UIInterfaceOrientationPortrait UIInterfaceOrientationPortraitUpsideDown UIInterfaceOrientationLandscapeLeft UIInterfaceOrientationLandscapeRight";
				INFOPLIST_KEY_UISupportedInterfaceOrientations_iPhone = "UIInterfaceOrientationPortrait UIInterfaceOrientationLandscapeLeft UIInterfaceOrientationLandscapeRight";
				LD_RUNPATH_SEARCH_PATHS = (
					"$(inherited)",
					"@executable_path/Frameworks",
				);
				MARKETING_VERSION = 1.0;
				PRODUCT_BUNDLE_IDENTIFIER = testExample.Contacts;
				PRODUCT_NAME = "$(TARGET_NAME)";
				SWIFT_EMIT_LOC_STRINGS = YES;
				SWIFT_VERSION = 5.0;
				TARGETED_DEVICE_FAMILY = "1,2";
			};
			name = Debug;
		};
		36725B232C00DC4600806D71 /* Release */ = {
			isa = XCBuildConfiguration;
			buildSettings = {
				ASSETCATALOG_COMPILER_APPICON_NAME = AppIcon;
				ASSETCATALOG_COMPILER_GLOBAL_ACCENT_COLOR_NAME = AccentColor;
				CODE_SIGN_STYLE = Automatic;
				CURRENT_PROJECT_VERSION = 1;
				DEVELOPMENT_TEAM = LRAYHCZPKF;
				GENERATE_INFOPLIST_FILE = YES;
				INFOPLIST_FILE = Contacts/Info.plist;
				INFOPLIST_KEY_UIApplicationSupportsIndirectInputEvents = YES;
				INFOPLIST_KEY_UILaunchStoryboardName = LaunchScreen;
				INFOPLIST_KEY_UIMainStoryboardFile = Main;
				INFOPLIST_KEY_UISupportedInterfaceOrientations_iPad = "UIInterfaceOrientationPortrait UIInterfaceOrientationPortraitUpsideDown UIInterfaceOrientationLandscapeLeft UIInterfaceOrientationLandscapeRight";
				INFOPLIST_KEY_UISupportedInterfaceOrientations_iPhone = "UIInterfaceOrientationPortrait UIInterfaceOrientationLandscapeLeft UIInterfaceOrientationLandscapeRight";
				LD_RUNPATH_SEARCH_PATHS = (
					"$(inherited)",
					"@executable_path/Frameworks",
				);
				MARKETING_VERSION = 1.0;
				PRODUCT_BUNDLE_IDENTIFIER = testExample.Contacts;
				PRODUCT_NAME = "$(TARGET_NAME)";
				SWIFT_EMIT_LOC_STRINGS = YES;
				SWIFT_VERSION = 5.0;
				TARGETED_DEVICE_FAMILY = "1,2";
			};
			name = Release;
		};
		36725B252C00DC4600806D71 /* Debug */ = {
			isa = XCBuildConfiguration;
			buildSettings = {
				ALWAYS_EMBED_SWIFT_STANDARD_LIBRARIES = YES;
				BUNDLE_LOADER = "$(TEST_HOST)";
				CODE_SIGN_STYLE = Automatic;
				CURRENT_PROJECT_VERSION = 1;
				DEVELOPMENT_TEAM = LRAYHCZPKF;
				GENERATE_INFOPLIST_FILE = YES;
				IPHONEOS_DEPLOYMENT_TARGET = 16.2;
				MARKETING_VERSION = 1.0;
				PRODUCT_BUNDLE_IDENTIFIER = testExample.ContactsTests;
				PRODUCT_NAME = "$(TARGET_NAME)";
				SWIFT_EMIT_LOC_STRINGS = NO;
				SWIFT_VERSION = 5.0;
				TARGETED_DEVICE_FAMILY = "1,2";
				TEST_HOST = "$(BUILT_PRODUCTS_DIR)/Contacts.app/$(BUNDLE_EXECUTABLE_FOLDER_PATH)/Contacts";
			};
			name = Debug;
		};
		36725B262C00DC4600806D71 /* Release */ = {
			isa = XCBuildConfiguration;
			buildSettings = {
				ALWAYS_EMBED_SWIFT_STANDARD_LIBRARIES = YES;
				BUNDLE_LOADER = "$(TEST_HOST)";
				CODE_SIGN_STYLE = Automatic;
				CURRENT_PROJECT_VERSION = 1;
				DEVELOPMENT_TEAM = LRAYHCZPKF;
				GENERATE_INFOPLIST_FILE = YES;
				IPHONEOS_DEPLOYMENT_TARGET = 16.2;
				MARKETING_VERSION = 1.0;
				PRODUCT_BUNDLE_IDENTIFIER = testExample.ContactsTests;
				PRODUCT_NAME = "$(TARGET_NAME)";
				SWIFT_EMIT_LOC_STRINGS = NO;
				SWIFT_VERSION = 5.0;
				TARGETED_DEVICE_FAMILY = "1,2";
				TEST_HOST = "$(BUILT_PRODUCTS_DIR)/Contacts.app/$(BUNDLE_EXECUTABLE_FOLDER_PATH)/Contacts";
			};
			name = Release;
		};
		36725B282C00DC4600806D71 /* Debug */ = {
			isa = XCBuildConfiguration;
			buildSettings = {
				ALWAYS_EMBED_SWIFT_STANDARD_LIBRARIES = YES;
				CODE_SIGN_STYLE = Automatic;
				CURRENT_PROJECT_VERSION = 1;
				DEVELOPMENT_TEAM = LRAYHCZPKF;
				GENERATE_INFOPLIST_FILE = YES;
				MARKETING_VERSION = 1.0;
				PRODUCT_BUNDLE_IDENTIFIER = testExample.ContactsUITests;
				PRODUCT_NAME = "$(TARGET_NAME)";
				SWIFT_EMIT_LOC_STRINGS = NO;
				SWIFT_VERSION = 5.0;
				TARGETED_DEVICE_FAMILY = "1,2";
				TEST_TARGET_NAME = Contacts;
			};
			name = Debug;
		};
		36725B292C00DC4600806D71 /* Release */ = {
			isa = XCBuildConfiguration;
			buildSettings = {
				ALWAYS_EMBED_SWIFT_STANDARD_LIBRARIES = YES;
				CODE_SIGN_STYLE = Automatic;
				CURRENT_PROJECT_VERSION = 1;
				DEVELOPMENT_TEAM = LRAYHCZPKF;
				GENERATE_INFOPLIST_FILE = YES;
				MARKETING_VERSION = 1.0;
				PRODUCT_BUNDLE_IDENTIFIER = testExample.ContactsUITests;
				PRODUCT_NAME = "$(TARGET_NAME)";
				SWIFT_EMIT_LOC_STRINGS = NO;
				SWIFT_VERSION = 5.0;
				TARGETED_DEVICE_FAMILY = "1,2";
				TEST_TARGET_NAME = Contacts;
			};
			name = Release;
		};
/* End XCBuildConfiguration section */

/* Begin XCConfigurationList section */
		36725AF22C00DC4400806D71 /* Build configuration list for PBXProject "Contacts" */ = {
			isa = XCConfigurationList;
			buildConfigurations = (
				36725B1F2C00DC4600806D71 /* Debug */,
				36725B202C00DC4600806D71 /* Release */,
			);
			defaultConfigurationIsVisible = 0;
			defaultConfigurationName = Release;
		};
		36725B212C00DC4600806D71 /* Build configuration list for PBXNativeTarget "Contacts" */ = {
			isa = XCConfigurationList;
			buildConfigurations = (
				36725B222C00DC4600806D71 /* Debug */,
				36725B232C00DC4600806D71 /* Release */,
			);
			defaultConfigurationIsVisible = 0;
			defaultConfigurationName = Release;
		};
		36725B242C00DC4600806D71 /* Build configuration list for PBXNativeTarget "ContactsTests" */ = {
			isa = XCConfigurationList;
			buildConfigurations = (
				36725B252C00DC4600806D71 /* Debug */,
				36725B262C00DC4600806D71 /* Release */,
			);
			defaultConfigurationIsVisible = 0;
			defaultConfigurationName = Release;
		};
		36725B272C00DC4600806D71 /* Build configuration list for PBXNativeTarget "ContactsUITests" */ = {
			isa = XCConfigurationList;
			buildConfigurations = (
				36725B282C00DC4600806D71 /* Debug */,
				36725B292C00DC4600806D71 /* Release */,
			);
			defaultConfigurationIsVisible = 0;
			defaultConfigurationName = Release;
		};
/* End XCConfigurationList section */
	};
	rootObject = 36725AEF2C00DC4400806D71 /* Project object */;
}
